
Microsoft Visual Studio Solution File, Format Version 12.00
# Visual Studio Version 16
VisualStudioVersion = 16.0.29905.134
MinimumVisualStudioVersion = 10.0.40219.1
Project("{FAE04EC0-301F-11D3-BF4B-00C04F79EFBC}") = "AspNetCoreMVC", "AspNetCoreMVC.csproj", "{C410E718-C2C5-48CD-AB97-D227EEBC2DB8}"
EndProject
Global
	GlobalSection(SolutionConfigurationPlatforms) = preSolution
		Debug|Any CPU = Debug|Any CPU
		Release|Any CPU = Release|Any CPU
	EndGlobalSection
	GlobalSection(ProjectConfigurationPlatforms) = postSolution
		{C410E718-C2C5-48CD-AB97-D227EEBC2DB8}.Debug|Any CPU.ActiveCfg = Debug|Any CPU
		{C410E718-C2C5-48CD-AB97-D227EEBC2DB8}.Debug|Any CPU.Build.0 = Debug|Any CPU
		{C410E718-C2C5-48CD-AB97-D227EEBC2DB8}.Release|Any CPU.ActiveCfg = Release|Any CPU
		{C410E718-C2C5-48CD-AB97-D227EEBC2DB8}.Release|Any CPU.Build.0 = Release|Any CPU
	EndGlobalSection
	GlobalSection(SolutionProperties) = preSolution
		HideSolutionNode = FALSE
	EndGlobalSection
	GlobalSection(ExtensibilityGlobals) = postSolution
		SolutionGuid = {97DCDF9B-7C28-4C4D-A333-6E38A6A1064F}
	EndGlobalSection
EndGlobal
